
Microsoft Visual Studio Solution File, Format Version 12.00
# Visual Studio Version 17
VisualStudioVersion = 17.9.34723.18
MinimumVisualStudioVersion = 10.0.40219.1
Project("{FAE04EC0-301F-11D3-BF4B-00C04F79EFBC}") = "ToDoAPIwithDAPPER", "ToDoAPIwithDAPPER\ToDoAPIwithDAPPER.csproj", "{20ACA189-95CE-4C49-9319-33370F1F8330}"
EndProject
Global
	GlobalSection(SolutionConfigurationPlatforms) = preSolution
		Debug|Any CPU = Debug|Any CPU
		Release|Any CPU = Release|Any CPU
	EndGlobalSection
	GlobalSection(ProjectConfigurationPlatforms) = postSolution
		{20ACA189-95CE-4C49-9319-33370F1F8330}.Debug|Any CPU.ActiveCfg = Debug|Any CPU
		{20ACA189-95CE-4C49-9319-33370F1F8330}.Debug|Any CPU.Build.0 = Debug|Any CPU
		{20ACA189-95CE-4C49-9319-33370F1F8330}.Release|Any CPU.ActiveCfg = Release|Any CPU
		{20ACA189-95CE-4C49-9319-33370F1F8330}.Release|Any CPU.Build.0 = Release|Any CPU
	EndGlobalSection
	GlobalSection(SolutionProperties) = preSolution
		HideSolutionNode = FALSE
	EndGlobalSection
	GlobalSection(ExtensibilityGlobals) = postSolution
		SolutionGuid = {22DCFBF9-91CE-46B1-A06E-10FBD624AE82}
	EndGlobalSection
EndGlobal
